
Microsoft Visual Studio Solution File, Format Version 12.00
# Visual Studio Version 17
VisualStudioVersion = 17.2.32505.173
MinimumVisualStudioVersion = 10.0.40219.1
Project("{FAE04EC0-301F-11D3-BF4B-00C04F79EFBC}") = "Ejercicio 7", "Ejercicio 7\Ejercicio 7.csproj", "{A0DAF901-6EC7-40E8-BE03-E7BBBC1C33F8}"
EndProject
Global
	GlobalSection(SolutionConfigurationPlatforms) = preSolution
		Debug|Any CPU = Debug|Any CPU
		Release|Any CPU = Release|Any CPU
	EndGlobalSection
	GlobalSection(ProjectConfigurationPlatforms) = postSolution
		{A0DAF901-6EC7-40E8-BE03-E7BBBC1C33F8}.Debug|Any CPU.ActiveCfg = Debug|Any CPU
		{A0DAF901-6EC7-40E8-BE03-E7BBBC1C33F8}.Debug|Any CPU.Build.0 = Debug|Any CPU
		{A0DAF901-6EC7-40E8-BE03-E7BBBC1C33F8}.Release|Any CPU.ActiveCfg = Release|Any CPU
		{A0DAF901-6EC7-40E8-BE03-E7BBBC1C33F8}.Release|Any CPU.Build.0 = Release|Any CPU
	EndGlobalSection
	GlobalSection(SolutionProperties) = preSolution
		HideSolutionNode = FALSE
	EndGlobalSection
	GlobalSection(ExtensibilityGlobals) = postSolution
		SolutionGuid = {72E74B94-6EA8-4736-A706-2D2D92822601}
	EndGlobalSection
EndGlobal
