
Microsoft Visual Studio Solution File, Format Version 12.00
# Visual Studio Version 17
VisualStudioVersion = 17.2.32505.173
MinimumVisualStudioVersion = 10.0.40219.1
Project("{FAE04EC0-301F-11D3-BF4B-00C04F79EFBC}") = "PoloTecnologicoTareas", "PoloTecnologicoTareas\PoloTecnologicoTareas.csproj", "{612F7030-C7AA-4C9F-AB80-45448B5AE925}"
EndProject
Global
	GlobalSection(SolutionConfigurationPlatforms) = preSolution
		Debug|Any CPU = Debug|Any CPU
		Release|Any CPU = Release|Any CPU
	EndGlobalSection
	GlobalSection(ProjectConfigurationPlatforms) = postSolution
		{612F7030-C7AA-4C9F-AB80-45448B5AE925}.Debug|Any CPU.ActiveCfg = Debug|Any CPU
		{612F7030-C7AA-4C9F-AB80-45448B5AE925}.Debug|Any CPU.Build.0 = Debug|Any CPU
		{612F7030-C7AA-4C9F-AB80-45448B5AE925}.Release|Any CPU.ActiveCfg = Release|Any CPU
		{612F7030-C7AA-4C9F-AB80-45448B5AE925}.Release|Any CPU.Build.0 = Release|Any CPU
	EndGlobalSection
	GlobalSection(SolutionProperties) = preSolution
		HideSolutionNode = FALSE
	EndGlobalSection
	GlobalSection(ExtensibilityGlobals) = postSolution
		SolutionGuid = {64BF5E62-CA91-44B8-8A91-5233CFA2C6C7}
	EndGlobalSection
EndGlobal
