
Microsoft Visual Studio Solution File, Format Version 12.00
# Visual Studio Version 17
VisualStudioVersion = 17.2.32505.173
MinimumVisualStudioVersion = 10.0.40219.1
Project("{FAE04EC0-301F-11D3-BF4B-00C04F79EFBC}") = "Ejercicio 13-Billetera", "Ejercicio 13-Billetera.csproj", "{B36604C7-BC81-4863-9A32-327B3D14C789}"
EndProject
Global
	GlobalSection(SolutionConfigurationPlatforms) = preSolution
		Debug|Any CPU = Debug|Any CPU
		Release|Any CPU = Release|Any CPU
	EndGlobalSection
	GlobalSection(ProjectConfigurationPlatforms) = postSolution
		{B36604C7-BC81-4863-9A32-327B3D14C789}.Debug|Any CPU.ActiveCfg = Debug|Any CPU
		{B36604C7-BC81-4863-9A32-327B3D14C789}.Debug|Any CPU.Build.0 = Debug|Any CPU
		{B36604C7-BC81-4863-9A32-327B3D14C789}.Release|Any CPU.ActiveCfg = Release|Any CPU
		{B36604C7-BC81-4863-9A32-327B3D14C789}.Release|Any CPU.Build.0 = Release|Any CPU
	EndGlobalSection
	GlobalSection(SolutionProperties) = preSolution
		HideSolutionNode = FALSE
	EndGlobalSection
	GlobalSection(ExtensibilityGlobals) = postSolution
		SolutionGuid = {3433748F-F48E-4FE2-A672-24E510201336}
	EndGlobalSection
EndGlobal
